
Microsoft Visual Studio Solution File, Format Version 12.00
# Visual Studio Version 17
VisualStudioVersion = 17.5.33516.290
MinimumVisualStudioVersion = 10.0.40219.1
Project("{9A19103F-16F7-4668-BE54-9A1E7A4F7556}") = "SharpCostLibrary", "SharpCostLibrary\SharpCostLibrary.csproj", "{6C8DCDE5-2FE6-4166-BDBF-6547A7BE4450}"
EndProject
Global
	GlobalSection(SolutionConfigurationPlatforms) = preSolution
		Debug|Any CPU = Debug|Any CPU
		Release|Any CPU = Release|Any CPU
	EndGlobalSection
	GlobalSection(ProjectConfigurationPlatforms) = postSolution
		{6C8DCDE5-2FE6-4166-BDBF-6547A7BE4450}.Debug|Any CPU.ActiveCfg = Debug|Any CPU
		{6C8DCDE5-2FE6-4166-BDBF-6547A7BE4450}.Debug|Any CPU.Build.0 = Debug|Any CPU
		{6C8DCDE5-2FE6-4166-BDBF-6547A7BE4450}.Release|Any CPU.ActiveCfg = Release|Any CPU
		{6C8DCDE5-2FE6-4166-BDBF-6547A7BE4450}.Release|Any CPU.Build.0 = Release|Any CPU
	EndGlobalSection
	GlobalSection(SolutionProperties) = preSolution
		HideSolutionNode = FALSE
	EndGlobalSection
	GlobalSection(ExtensibilityGlobals) = postSolution
		SolutionGuid = {951ED21A-F809-4EFC-941B-F37F6DEE3F95}
	EndGlobalSection
EndGlobal
